// !$*UTF8*$!
{
	archiveVersion = 1;
	classes = {
	};
	objectVersion = 50;
	objects = {

/* Begin PBXBuildFile section */
		CA0884782604535D002DABDA /* CountriesXApp.swift in Sources */ = {isa = PBXBuildFile; fileRef = CA0884772604535D002DABDA /* CountriesXApp.swift */; };
		CA08847A2604535D002DABDA /* ContentView.swift in Sources */ = {isa = PBXBuildFile; fileRef = CA0884792604535D002DABDA /* ContentView.swift */; };
		CA08847C2604535E002DABDA /* Assets.xcassets in Resources */ = {isa = PBXBuildFile; fileRef = CA08847B2604535E002DABDA /* Assets.xcassets */; };
		CA08847F2604535E002DABDA /* Preview Assets.xcassets in Resources */ = {isa = PBXBuildFile; fileRef = CA08847E2604535E002DABDA /* Preview Assets.xcassets */; };
		CA0884AA260453BE002DABDA /* APICall.swift in Sources */ = {isa = PBXBuildFile; fileRef = CA0884A9260453BE002DABDA /* APICall.swift */; };
		CA0884B2260453FF002DABDA /* WebRepository.swift in Sources */ = {isa = PBXBuildFile; fileRef = CA0884B1260453FF002DABDA /* WebRepository.swift */; };
		CA0884B726045615002DABDA /* NetworkingHelpers.swift in Sources */ = {isa = PBXBuildFile; fileRef = CA0884B626045615002DABDA /* NetworkingHelpers.swift */; };
		CA0884CB26045842002DABDA /* WebRepositoryTests.swift in Sources */ = {isa = PBXBuildFile; fileRef = CA0884CA26045842002DABDA /* WebRepositoryTests.swift */; };
		CA0884D1260458D7002DABDA /* MockedWebRepositories.swift in Sources */ = {isa = PBXBuildFile; fileRef = CA0884D0260458D7002DABDA /* MockedWebRepositories.swift */; };
		CA0884DA26045AA6002DABDA /* RequestMocking.swift in Sources */ = {isa = PBXBuildFile; fileRef = CA0884D926045AA6002DABDA /* RequestMocking.swift */; };
		CA0884E226045B21002DABDA /* MockedResponse.swift in Sources */ = {isa = PBXBuildFile; fileRef = CA0884E126045B21002DABDA /* MockedResponse.swift */; };
		CA39D966260FFDA0002CF7E5 /* ImageWebRepository.swift in Sources */ = {isa = PBXBuildFile; fileRef = CA39D965260FFDA0002CF7E5 /* ImageWebRepository.swift */; };
		CA39D96B260FFE1C002CF7E5 /* ImageWebRepositoryTests.swift in Sources */ = {isa = PBXBuildFile; fileRef = CA39D96A260FFE1C002CF7E5 /* ImageWebRepositoryTests.swift */; };
		CA39D974261008E2002CF7E5 /* svg_convert_02.html in Resources */ = {isa = PBXBuildFile; fileRef = CA39D972261008E2002CF7E5 /* svg_convert_02.html */; };
		CA39D975261008E2002CF7E5 /* svg_convert_01.html in Resources */ = {isa = PBXBuildFile; fileRef = CA39D973261008E2002CF7E5 /* svg_convert_01.html */; };
		CA39D97A261009A5002CF7E5 /* PushTokenWebRepository.swift in Sources */ = {isa = PBXBuildFile; fileRef = CA39D979261009A5002CF7E5 /* PushTokenWebRepository.swift */; };
		CA39D98726100A33002CF7E5 /* PushTokenWebRepositoryTests.swift in Sources */ = {isa = PBXBuildFile; fileRef = CA39D98626100A33002CF7E5 /* PushTokenWebRepositoryTests.swift */; };
		CA651A39260792CE00F6B732 /* Loadable.swift in Sources */ = {isa = PBXBuildFile; fileRef = CA651A38260792CE00F6B732 /* Loadable.swift */; };
		CA651A3E2607932500F6B732 /* CancelBag.swift in Sources */ = {isa = PBXBuildFile; fileRef = CA651A3D2607932500F6B732 /* CancelBag.swift */; };
		CA85D24B2604EDFB009EE19D /* TestHelpers.swift in Sources */ = {isa = PBXBuildFile; fileRef = CA85D24A2604EDFB009EE19D /* TestHelpers.swift */; };
		CA85D2512604F2A6009EE19D /* Models.swift in Sources */ = {isa = PBXBuildFile; fileRef = CA85D2502604F2A6009EE19D /* Models.swift */; };
		CA87F7E626080082007FE401 /* CoreDataStackTests.swift in Sources */ = {isa = PBXBuildFile; fileRef = CA87F7E526080082007FE401 /* CoreDataStackTests.swift */; };
		CA8A444126079B4200CD0AE0 /* Models+CoreData.swift in Sources */ = {isa = PBXBuildFile; fileRef = CA8A444026079B4200CD0AE0 /* Models+CoreData.swift */; };
		CA8A444626079BA700CD0AE0 /* MockedData.swift in Sources */ = {isa = PBXBuildFile; fileRef = CA8A444526079BA700CD0AE0 /* MockedData.swift */; };
		CA8A444B26079E1C00CD0AE0 /* CountriesWebRepositoryTests.swift in Sources */ = {isa = PBXBuildFile; fileRef = CA8A444A26079E1C00CD0AE0 /* CountriesWebRepositoryTests.swift */; };
		CA8A44512607A00100CD0AE0 /* CountriesWebRepository.swift in Sources */ = {isa = PBXBuildFile; fileRef = CA8A44502607A00100CD0AE0 /* CountriesWebRepository.swift */; };
		CA8A44592607B81300CD0AE0 /* CountriesDBRepository.swift in Sources */ = {isa = PBXBuildFile; fileRef = CA8A44582607B81300CD0AE0 /* CountriesDBRepository.swift */; };
		CA8A445E2607B8BE00CD0AE0 /* LazyList.swift in Sources */ = {isa = PBXBuildFile; fileRef = CA8A445D2607B8BE00CD0AE0 /* LazyList.swift */; };
		CAA590D12607C0530001535B /* CoreDataStack.swift in Sources */ = {isa = PBXBuildFile; fileRef = CAA590D02607C0530001535B /* CoreDataStack.swift */; };
		CAA590D92607C19F0001535B /* CoreDataHelpers.swift in Sources */ = {isa = PBXBuildFile; fileRef = CAA590D82607C19F0001535B /* CoreDataHelpers.swift */; };
		CAA7AAEF2607CD2300E0BFF6 /* db_model_v1.xcdatamodeld in Sources */ = {isa = PBXBuildFile; fileRef = CAA7AAED2607CD2300E0BFF6 /* db_model_v1.xcdatamodeld */; };
		CAAB9D602608DE0800886CE8 /* CountriesDBRepositoryTests.swift in Sources */ = {isa = PBXBuildFile; fileRef = CAAB9D5F2608DE0800886CE8 /* CountriesDBRepositoryTests.swift */; };
		CAAB9D652608DE6500886CE8 /* MockedPersistentStore.swift in Sources */ = {isa = PBXBuildFile; fileRef = CAAB9D642608DE6500886CE8 /* MockedPersistentStore.swift */; };
		CAAB9D6A2608DF3700886CE8 /* Mock.swift in Sources */ = {isa = PBXBuildFile; fileRef = CAAB9D692608DF3700886CE8 /* Mock.swift */; };
/* End PBXBuildFile section */

/* Begin PBXContainerItemProxy section */
		CA0884862604535E002DABDA /* PBXContainerItemProxy */ = {
			isa = PBXContainerItemProxy;
			containerPortal = CA08846C2604535D002DABDA /* Project object */;
			proxyType = 1;
			remoteGlobalIDString = CA0884732604535D002DABDA;
			remoteInfo = CountriesX;
		};
		CA0884912604535F002DABDA /* PBXContainerItemProxy */ = {
			isa = PBXContainerItemProxy;
			containerPortal = CA08846C2604535D002DABDA /* Project object */;
			proxyType = 1;
			remoteGlobalIDString = CA0884732604535D002DABDA;
			remoteInfo = CountriesX;
		};
/* End PBXContainerItemProxy section */

/* Begin PBXFileReference section */
		CA0884742604535D002DABDA /* CountriesX.app */ = {isa = PBXFileReference; explicitFileType = wrapper.application; includeInIndex = 0; path = CountriesX.app; sourceTree = BUILT_PRODUCTS_DIR; };
		CA0884772604535D002DABDA /* CountriesXApp.swift */ = {isa = PBXFileReference; lastKnownFileType = sourcecode.swift; path = CountriesXApp.swift; sourceTree = "<group>"; };
		CA0884792604535D002DABDA /* ContentView.swift */ = {isa = PBXFileReference; lastKnownFileType = sourcecode.swift; path = ContentView.swift; sourceTree = "<group>"; };
		CA08847B2604535E002DABDA /* Assets.xcassets */ = {isa = PBXFileReference; lastKnownFileType = folder.assetcatalog; path = Assets.xcassets; sourceTree = "<group>"; };
		CA08847E2604535E002DABDA /* Preview Assets.xcassets */ = {isa = PBXFileReference; lastKnownFileType = folder.assetcatalog; path = "Preview Assets.xcassets"; sourceTree = "<group>"; };
		CA0884802604535E002DABDA /* Info.plist */ = {isa = PBXFileReference; lastKnownFileType = text.plist.xml; path = Info.plist; sourceTree = "<group>"; };
		CA0884852604535E002DABDA /* CountriesXTests.xctest */ = {isa = PBXFileReference; explicitFileType = wrapper.cfbundle; includeInIndex = 0; path = CountriesXTests.xctest; sourceTree = BUILT_PRODUCTS_DIR; };
		CA08848B2604535F002DABDA /* Info.plist */ = {isa = PBXFileReference; lastKnownFileType = text.plist.xml; path = Info.plist; sourceTree = "<group>"; };
		CA0884902604535F002DABDA /* CountriesXUITests.xctest */ = {isa = PBXFileReference; explicitFileType = wrapper.cfbundle; includeInIndex = 0; path = CountriesXUITests.xctest; sourceTree = BUILT_PRODUCTS_DIR; };
		CA0884A9260453BE002DABDA /* APICall.swift */ = {isa = PBXFileReference; lastKnownFileType = sourcecode.swift; path = APICall.swift; sourceTree = "<group>"; };
		CA0884B1260453FF002DABDA /* WebRepository.swift */ = {isa = PBXFileReference; lastKnownFileType = sourcecode.swift; path = WebRepository.swift; sourceTree = "<group>"; };
		CA0884B626045615002DABDA /* NetworkingHelpers.swift */ = {isa = PBXFileReference; fileEncoding = 4; lastKnownFileType = sourcecode.swift; path = NetworkingHelpers.swift; sourceTree = "<group>"; };
		CA0884CA26045842002DABDA /* WebRepositoryTests.swift */ = {isa = PBXFileReference; lastKnownFileType = sourcecode.swift; path = WebRepositoryTests.swift; sourceTree = "<group>"; };
		CA0884D0260458D7002DABDA /* MockedWebRepositories.swift */ = {isa = PBXFileReference; lastKnownFileType = sourcecode.swift; path = MockedWebRepositories.swift; sourceTree = "<group>"; };
		CA0884D926045AA6002DABDA /* RequestMocking.swift */ = {isa = PBXFileReference; lastKnownFileType = sourcecode.swift; path = RequestMocking.swift; sourceTree = "<group>"; };
		CA0884E126045B21002DABDA /* MockedResponse.swift */ = {isa = PBXFileReference; fileEncoding = 4; lastKnownFileType = sourcecode.swift; path = MockedResponse.swift; sourceTree = "<group>"; };
		CA39D965260FFDA0002CF7E5 /* ImageWebRepository.swift */ = {isa = PBXFileReference; lastKnownFileType = sourcecode.swift; path = ImageWebRepository.swift; sourceTree = "<group>"; };
		CA39D96A260FFE1C002CF7E5 /* ImageWebRepositoryTests.swift */ = {isa = PBXFileReference; lastKnownFileType = sourcecode.swift; path = ImageWebRepositoryTests.swift; sourceTree = "<group>"; };
		CA39D972261008E2002CF7E5 /* svg_convert_02.html */ = {isa = PBXFileReference; fileEncoding = 4; lastKnownFileType = text.html; name = svg_convert_02.html; path = "../../../clean-architecture-swiftui/UnitTests/Resources/svg_convert_02.html"; sourceTree = "<group>"; };
		CA39D973261008E2002CF7E5 /* svg_convert_01.html */ = {isa = PBXFileReference; fileEncoding = 4; lastKnownFileType = text.html; name = svg_convert_01.html; path = "../../../clean-architecture-swiftui/UnitTests/Resources/svg_convert_01.html"; sourceTree = "<group>"; };
		CA39D979261009A5002CF7E5 /* PushTokenWebRepository.swift */ = {isa = PBXFileReference; lastKnownFileType = sourcecode.swift; path = PushTokenWebRepository.swift; sourceTree = "<group>"; };
		CA39D98626100A33002CF7E5 /* PushTokenWebRepositoryTests.swift */ = {isa = PBXFileReference; lastKnownFileType = sourcecode.swift; name = PushTokenWebRepositoryTests.swift; path = CountriesX/Repositories/PushTokenWebRepositoryTests.swift; sourceTree = SOURCE_ROOT; };
		CA651A38260792CE00F6B732 /* Loadable.swift */ = {isa = PBXFileReference; lastKnownFileType = sourcecode.swift; path = Loadable.swift; sourceTree = "<group>"; };
		CA651A3D2607932500F6B732 /* CancelBag.swift */ = {isa = PBXFileReference; lastKnownFileType = sourcecode.swift; path = CancelBag.swift; sourceTree = "<group>"; };
		CA85D24A2604EDFB009EE19D /* TestHelpers.swift */ = {isa = PBXFileReference; lastKnownFileType = sourcecode.swift; path = TestHelpers.swift; sourceTree = "<group>"; };
		CA85D2502604F2A6009EE19D /* Models.swift */ = {isa = PBXFileReference; lastKnownFileType = sourcecode.swift; path = Models.swift; sourceTree = "<group>"; };
		CA87F7E526080082007FE401 /* CoreDataStackTests.swift */ = {isa = PBXFileReference; lastKnownFileType = sourcecode.swift; path = CoreDataStackTests.swift; sourceTree = "<group>"; };
		CA8A444026079B4200CD0AE0 /* Models+CoreData.swift */ = {isa = PBXFileReference; lastKnownFileType = sourcecode.swift; path = "Models+CoreData.swift"; sourceTree = "<group>"; };
		CA8A444526079BA700CD0AE0 /* MockedData.swift */ = {isa = PBXFileReference; lastKnownFileType = sourcecode.swift; path = MockedData.swift; sourceTree = "<group>"; };
		CA8A444A26079E1C00CD0AE0 /* CountriesWebRepositoryTests.swift */ = {isa = PBXFileReference; lastKnownFileType = sourcecode.swift; path = CountriesWebRepositoryTests.swift; sourceTree = "<group>"; };
		CA8A44502607A00100CD0AE0 /* CountriesWebRepository.swift */ = {isa = PBXFileReference; lastKnownFileType = sourcecode.swift; path = CountriesWebRepository.swift; sourceTree = "<group>"; };
		CA8A44582607B81300CD0AE0 /* CountriesDBRepository.swift */ = {isa = PBXFileReference; lastKnownFileType = sourcecode.swift; path = CountriesDBRepository.swift; sourceTree = "<group>"; };
		CA8A445D2607B8BE00CD0AE0 /* LazyList.swift */ = {isa = PBXFileReference; lastKnownFileType = sourcecode.swift; name = LazyList.swift; path = CountriesX/Repositories/LazyList.swift; sourceTree = SOURCE_ROOT; };
		CAA590D02607C0530001535B /* CoreDataStack.swift */ = {isa = PBXFileReference; lastKnownFileType = sourcecode.swift; path = CoreDataStack.swift; sourceTree = SOURCE_ROOT; };
		CAA590D82607C19F0001535B /* CoreDataHelpers.swift */ = {isa = PBXFileReference; lastKnownFileType = sourcecode.swift; path = CoreDataHelpers.swift; sourceTree = "<group>"; };
		CAA7AAEE2607CD2300E0BFF6 /* db_model_v1.xcdatamodel */ = {isa = PBXFileReference; lastKnownFileType = wrapper.xcdatamodel; path = db_model_v1.xcdatamodel; sourceTree = "<group>"; };
		CAAB9D5F2608DE0800886CE8 /* CountriesDBRepositoryTests.swift */ = {isa = PBXFileReference; lastKnownFileType = sourcecode.swift; path = CountriesDBRepositoryTests.swift; sourceTree = "<group>"; };
		CAAB9D642608DE6500886CE8 /* MockedPersistentStore.swift */ = {isa = PBXFileReference; lastKnownFileType = sourcecode.swift; path = MockedPersistentStore.swift; sourceTree = "<group>"; };
		CAAB9D692608DF3700886CE8 /* Mock.swift */ = {isa = PBXFileReference; lastKnownFileType = sourcecode.swift; path = Mock.swift; sourceTree = "<group>"; };
/* End PBXFileReference section */

/* Begin PBXFrameworksBuildPhase section */
		CA0884712604535D002DABDA /* Frameworks */ = {
			isa = PBXFrameworksBuildPhase;
			buildActionMask = 2147483647;
			files = (
			);
			runOnlyForDeploymentPostprocessing = 0;
		};
		CA0884822604535E002DABDA /* Frameworks */ = {
			isa = PBXFrameworksBuildPhase;
			buildActionMask = 2147483647;
			files = (
			);
			runOnlyForDeploymentPostprocessing = 0;
		};
		CA08848D2604535F002DABDA /* Frameworks */ = {
			isa = PBXFrameworksBuildPhase;
			buildActionMask = 2147483647;
			files = (
			);
			runOnlyForDeploymentPostprocessing = 0;
		};
/* End PBXFrameworksBuildPhase section */

/* Begin PBXGroup section */
		CA08846B2604535D002DABDA = {
			isa = PBXGroup;
			children = (
				CA0884762604535D002DABDA /* CountriesX */,
				CA0884882604535E002DABDA /* CountriesXTests */,
				CA0884752604535D002DABDA /* Products */,
			);
			sourceTree = "<group>";
		};
		CA0884752604535D002DABDA /* Products */ = {
			isa = PBXGroup;
			children = (
				CA0884742604535D002DABDA /* CountriesX.app */,
				CA0884852604535E002DABDA /* CountriesXTests.xctest */,
				CA0884902604535F002DABDA /* CountriesXUITests.xctest */,
			);
			name = Products;
			sourceTree = "<group>";
		};
		CA0884762604535D002DABDA /* CountriesX */ = {
			isa = PBXGroup;
			children = (
				CAA590CF2607C01B0001535B /* Persistence */,
				CA8A444F26079FCF00CD0AE0 /* Repositories */,
				CA85D24F2604F293009EE19D /* Models */,
				CA0884A8260453A4002DABDA /* Utilities */,
				CA0884772604535D002DABDA /* CountriesXApp.swift */,
				CA0884792604535D002DABDA /* ContentView.swift */,
				CA08847B2604535E002DABDA /* Assets.xcassets */,
				CA0884802604535E002DABDA /* Info.plist */,
				CA08847D2604535E002DABDA /* Preview Content */,
			);
			path = CountriesX;
			sourceTree = "<group>";
		};
		CA08847D2604535E002DABDA /* Preview Content */ = {
			isa = PBXGroup;
			children = (
				CA08847E2604535E002DABDA /* Preview Assets.xcassets */,
			);
			path = "Preview Content";
			sourceTree = "<group>";
		};
		CA0884882604535E002DABDA /* CountriesXTests */ = {
			isa = PBXGroup;
			children = (
				CA39D971261008D1002CF7E5 /* Resources */,
				CA87F7E42608006D007FE401 /* Persistence */,
				CA0884D826045A7B002DABDA /* NetworkMocking */,
				CA0884BB260457E3002DABDA /* Repositories */,
				CA0884CF260458B2002DABDA /* Mocks */,
				CA08848B2604535F002DABDA /* Info.plist */,
				CA85D24A2604EDFB009EE19D /* TestHelpers.swift */,
			);
			path = CountriesXTests;
			sourceTree = "<group>";
		};
		CA0884A8260453A4002DABDA /* Utilities */ = {
			isa = PBXGroup;
			children = (
				CA8A445D2607B8BE00CD0AE0 /* LazyList.swift */,
				CA0884A9260453BE002DABDA /* APICall.swift */,
				CA0884B1260453FF002DABDA /* WebRepository.swift */,
				CA0884B626045615002DABDA /* NetworkingHelpers.swift */,
				CA651A38260792CE00F6B732 /* Loadable.swift */,
				CA651A3D2607932500F6B732 /* CancelBag.swift */,
			);
			path = Utilities;
			sourceTree = "<group>";
		};
		CA0884BB260457E3002DABDA /* Repositories */ = {
			isa = PBXGroup;
			children = (
				CA39D98626100A33002CF7E5 /* PushTokenWebRepositoryTests.swift */,
				CA0884CA26045842002DABDA /* WebRepositoryTests.swift */,
				CA8A444A26079E1C00CD0AE0 /* CountriesWebRepositoryTests.swift */,
				CAAB9D5F2608DE0800886CE8 /* CountriesDBRepositoryTests.swift */,
				CA39D96A260FFE1C002CF7E5 /* ImageWebRepositoryTests.swift */,
			);
			path = Repositories;
			sourceTree = "<group>";
		};
		CA0884CF260458B2002DABDA /* Mocks */ = {
			isa = PBXGroup;
			children = (
				CA0884D0260458D7002DABDA /* MockedWebRepositories.swift */,
				CAAB9D692608DF3700886CE8 /* Mock.swift */,
				CAAB9D642608DE6500886CE8 /* MockedPersistentStore.swift */,
			);
			path = Mocks;
			sourceTree = "<group>";
		};
		CA0884D826045A7B002DABDA /* NetworkMocking */ = {
			isa = PBXGroup;
			children = (
				CA0884E126045B21002DABDA /* MockedResponse.swift */,
				CA0884D926045AA6002DABDA /* RequestMocking.swift */,
			);
			path = NetworkMocking;
			sourceTree = "<group>";
		};
		CA39D971261008D1002CF7E5 /* Resources */ = {
			isa = PBXGroup;
			children = (
				CA39D973261008E2002CF7E5 /* svg_convert_01.html */,
				CA39D972261008E2002CF7E5 /* svg_convert_02.html */,
			);
			path = Resources;
			sourceTree = "<group>";
		};
		CA85D24F2604F293009EE19D /* Models */ = {
			isa = PBXGroup;
			children = (
				CA85D2502604F2A6009EE19D /* Models.swift */,
				CA8A444026079B4200CD0AE0 /* Models+CoreData.swift */,
				CA8A444526079BA700CD0AE0 /* MockedData.swift */,
			);
			path = Models;
			sourceTree = "<group>";
		};
		CA87F7E42608006D007FE401 /* Persistence */ = {
			isa = PBXGroup;
			children = (
				CA87F7E526080082007FE401 /* CoreDataStackTests.swift */,
			);
			path = Persistence;
			sourceTree = "<group>";
		};
		CA8A444F26079FCF00CD0AE0 /* Repositories */ = {
			isa = PBXGroup;
			children = (
				CA8A44502607A00100CD0AE0 /* CountriesWebRepository.swift */,
				CA8A44582607B81300CD0AE0 /* CountriesDBRepository.swift */,
				CA39D965260FFDA0002CF7E5 /* ImageWebRepository.swift */,
				CA39D979261009A5002CF7E5 /* PushTokenWebRepository.swift */,
			);
			path = Repositories;
			sourceTree = "<group>";
		};
		CAA590CF2607C01B0001535B /* Persistence */ = {
			isa = PBXGroup;
			children = (
				CAA590D02607C0530001535B /* CoreDataStack.swift */,
				CAA590D82607C19F0001535B /* CoreDataHelpers.swift */,
				CAA7AAED2607CD2300E0BFF6 /* db_model_v1.xcdatamodeld */,
			);
			path = Persistence;
			sourceTree = "<group>";
		};
/* End PBXGroup section */

/* Begin PBXNativeTarget section */
		CA0884732604535D002DABDA /* CountriesX */ = {
			isa = PBXNativeTarget;
			buildConfigurationList = CA0884992604535F002DABDA /* Build configuration list for PBXNativeTarget "CountriesX" */;
			buildPhases = (
				CA0884702604535D002DABDA /* Sources */,
				CA0884712604535D002DABDA /* Frameworks */,
				CA0884722604535D002DABDA /* Resources */,
			);
			buildRules = (
			);
			dependencies = (
			);
			name = CountriesX;
			productName = CountriesX;
			productReference = CA0884742604535D002DABDA /* CountriesX.app */;
			productType = "com.apple.product-type.application";
		};
		CA0884842604535E002DABDA /* CountriesXTests */ = {
			isa = PBXNativeTarget;
			buildConfigurationList = CA08849C2604535F002DABDA /* Build configuration list for PBXNativeTarget "CountriesXTests" */;
			buildPhases = (
				CA0884812604535E002DABDA /* Sources */,
				CA0884822604535E002DABDA /* Frameworks */,
				CA0884832604535E002DABDA /* Resources */,
			);
			buildRules = (
			);
			dependencies = (
				CA0884872604535E002DABDA /* PBXTargetDependency */,
			);
			name = CountriesXTests;
			productName = CountriesXTests;
			productReference = CA0884852604535E002DABDA /* CountriesXTests.xctest */;
			productType = "com.apple.product-type.bundle.unit-test";
		};
		CA08848F2604535F002DABDA /* CountriesXUITests */ = {
			isa = PBXNativeTarget;
			buildConfigurationList = CA08849F2604535F002DABDA /* Build configuration list for PBXNativeTarget "CountriesXUITests" */;
			buildPhases = (
				CA08848C2604535F002DABDA /* Sources */,
				CA08848D2604535F002DABDA /* Frameworks */,
				CA08848E2604535F002DABDA /* Resources */,
			);
			buildRules = (
			);
			dependencies = (
				CA0884922604535F002DABDA /* PBXTargetDependency */,
			);
			name = CountriesXUITests;
			productName = CountriesXUITests;
			productReference = CA0884902604535F002DABDA /* CountriesXUITests.xctest */;
			productType = "com.apple.product-type.bundle.ui-testing";
		};
/* End PBXNativeTarget section */

/* Begin PBXProject section */
		CA08846C2604535D002DABDA /* Project object */ = {
			isa = PBXProject;
			attributes = {
				LastSwiftUpdateCheck = 1240;
				LastUpgradeCheck = 1240;
				TargetAttributes = {
					CA0884732604535D002DABDA = {
						CreatedOnToolsVersion = 12.4;
					};
					CA0884842604535E002DABDA = {
						CreatedOnToolsVersion = 12.4;
						TestTargetID = CA0884732604535D002DABDA;
					};
					CA08848F2604535F002DABDA = {
						CreatedOnToolsVersion = 12.4;
						TestTargetID = CA0884732604535D002DABDA;
					};
				};
			};
			buildConfigurationList = CA08846F2604535D002DABDA /* Build configuration list for PBXProject "CountriesX" */;
			compatibilityVersion = "Xcode 9.3";
			developmentRegion = en;
			hasScannedForEncodings = 0;
			knownRegions = (
				en,
				Base,
			);
			mainGroup = CA08846B2604535D002DABDA;
			productRefGroup = CA0884752604535D002DABDA /* Products */;
			projectDirPath = "";
			projectRoot = "";
			targets = (
				CA0884732604535D002DABDA /* CountriesX */,
				CA0884842604535E002DABDA /* CountriesXTests */,
				CA08848F2604535F002DABDA /* CountriesXUITests */,
			);
		};
/* End PBXProject section */

/* Begin PBXResourcesBuildPhase section */
		CA0884722604535D002DABDA /* Resources */ = {
			isa = PBXResourcesBuildPhase;
			buildActionMask = 2147483647;
			files = (
				CA08847F2604535E002DABDA /* Preview Assets.xcassets in Resources */,
				CA08847C2604535E002DABDA /* Assets.xcassets in Resources */,
			);
			runOnlyForDeploymentPostprocessing = 0;
		};
		CA0884832604535E002DABDA /* Resources */ = {
			isa = PBXResourcesBuildPhase;
			buildActionMask = 2147483647;
			files = (
				CA39D975261008E2002CF7E5 /* svg_convert_01.html in Resources */,
				CA39D974261008E2002CF7E5 /* svg_convert_02.html in Resources */,
			);
			runOnlyForDeploymentPostprocessing = 0;
		};
		CA08848E2604535F002DABDA /* Resources */ = {
			isa = PBXResourcesBuildPhase;
			buildActionMask = 2147483647;
			files = (
			);
			runOnlyForDeploymentPostprocessing = 0;
		};
/* End PBXResourcesBuildPhase section */

/* Begin PBXSourcesBuildPhase section */
		CA0884702604535D002DABDA /* Sources */ = {
			isa = PBXSourcesBuildPhase;
			buildActionMask = 2147483647;
			files = (
				CA39D97A261009A5002CF7E5 /* PushTokenWebRepository.swift in Sources */,
				CAA590D92607C19F0001535B /* CoreDataHelpers.swift in Sources */,
				CA8A44592607B81300CD0AE0 /* CountriesDBRepository.swift in Sources */,
				CA8A444626079BA700CD0AE0 /* MockedData.swift in Sources */,
				CA0884B2260453FF002DABDA /* WebRepository.swift in Sources */,
				CA651A39260792CE00F6B732 /* Loadable.swift in Sources */,
				CA39D966260FFDA0002CF7E5 /* ImageWebRepository.swift in Sources */,
				CA651A3E2607932500F6B732 /* CancelBag.swift in Sources */,
				CA08847A2604535D002DABDA /* ContentView.swift in Sources */,
				CA8A445E2607B8BE00CD0AE0 /* LazyList.swift in Sources */,
				CAA590D12607C0530001535B /* CoreDataStack.swift in Sources */,
				CA0884782604535D002DABDA /* CountriesXApp.swift in Sources */,
				CA85D2512604F2A6009EE19D /* Models.swift in Sources */,
				CA8A444126079B4200CD0AE0 /* Models+CoreData.swift in Sources */,
				CAA7AAEF2607CD2300E0BFF6 /* db_model_v1.xcdatamodeld in Sources */,
				CA0884B726045615002DABDA /* NetworkingHelpers.swift in Sources */,
				CA8A44512607A00100CD0AE0 /* CountriesWebRepository.swift in Sources */,
				CA0884AA260453BE002DABDA /* APICall.swift in Sources */,
			);
			runOnlyForDeploymentPostprocessing = 0;
		};
		CA0884812604535E002DABDA /* Sources */ = {
			isa = PBXSourcesBuildPhase;
			buildActionMask = 2147483647;
			files = (
				CAAB9D602608DE0800886CE8 /* CountriesDBRepositoryTests.swift in Sources */,
				CAAB9D6A2608DF3700886CE8 /* Mock.swift in Sources */,
				CA0884DA26045AA6002DABDA /* RequestMocking.swift in Sources */,
				CAAB9D652608DE6500886CE8 /* MockedPersistentStore.swift in Sources */,
				CA8A444B26079E1C00CD0AE0 /* CountriesWebRepositoryTests.swift in Sources */,
				CA85D24B2604EDFB009EE19D /* TestHelpers.swift in Sources */,
				CA0884E226045B21002DABDA /* MockedResponse.swift in Sources */,
				CA39D96B260FFE1C002CF7E5 /* ImageWebRepositoryTests.swift in Sources */,
				CA0884D1260458D7002DABDA /* MockedWebRepositories.swift in Sources */,
				CA87F7E626080082007FE401 /* CoreDataStackTests.swift in Sources */,
				CA39D98726100A33002CF7E5 /* PushTokenWebRepositoryTests.swift in Sources */,
				CA0884CB26045842002DABDA /* WebRepositoryTests.swift in Sources */,
			);
			runOnlyForDeploymentPostprocessing = 0;
		};
		CA08848C2604535F002DABDA /* Sources */ = {
			isa = PBXSourcesBuildPhase;
			buildActionMask = 2147483647;
			files = (
			);
			runOnlyForDeploymentPostprocessing = 0;
		};
/* End PBXSourcesBuildPhase section */

/* Begin PBXTargetDependency section */
		CA0884872604535E002DABDA /* PBXTargetDependency */ = {
			isa = PBXTargetDependency;
			target = CA0884732604535D002DABDA /* CountriesX */;
			targetProxy = CA0884862604535E002DABDA /* PBXContainerItemProxy */;
		};
		CA0884922604535F002DABDA /* PBXTargetDependency */ = {
			isa = PBXTargetDependency;
			target = CA0884732604535D002DABDA /* CountriesX */;
			targetProxy = CA0884912604535F002DABDA /* PBXContainerItemProxy */;
		};
/* End PBXTargetDependency section */

/* Begin XCBuildConfiguration section */
		CA0884972604535F002DABDA /* Debug */ = {
			isa = XCBuildConfiguration;
			buildSettings = {
				ALWAYS_SEARCH_USER_PATHS = NO;
				CLANG_ANALYZER_NONNULL = YES;
				CLANG_ANALYZER_NUMBER_OBJECT_CONVERSION = YES_AGGRESSIVE;
				CLANG_CXX_LANGUAGE_STANDARD = "gnu++14";
				CLANG_CXX_LIBRARY = "libc++";
				CLANG_ENABLE_MODULES = YES;
				CLANG_ENABLE_OBJC_ARC = YES;
				CLANG_ENABLE_OBJC_WEAK = YES;
				CLANG_WARN_BLOCK_CAPTURE_AUTORELEASING = YES;
				CLANG_WARN_BOOL_CONVERSION = YES;
				CLANG_WARN_COMMA = YES;
				CLANG_WARN_CONSTANT_CONVERSION = YES;
				CLANG_WARN_DEPRECATED_OBJC_IMPLEMENTATIONS = YES;
				CLANG_WARN_DIRECT_OBJC_ISA_USAGE = YES_ERROR;
				CLANG_WARN_DOCUMENTATION_COMMENTS = YES;
				CLANG_WARN_EMPTY_BODY = YES;
				CLANG_WARN_ENUM_CONVERSION = YES;
				CLANG_WARN_INFINITE_RECURSION = YES;
				CLANG_WARN_INT_CONVERSION = YES;
				CLANG_WARN_NON_LITERAL_NULL_CONVERSION = YES;
				CLANG_WARN_OBJC_IMPLICIT_RETAIN_SELF = YES;
				CLANG_WARN_OBJC_LITERAL_CONVERSION = YES;
				CLANG_WARN_OBJC_ROOT_CLASS = YES_ERROR;
				CLANG_WARN_QUOTED_INCLUDE_IN_FRAMEWORK_HEADER = YES;
				CLANG_WARN_RANGE_LOOP_ANALYSIS = YES;
				CLANG_WARN_STRICT_PROTOTYPES = YES;
				CLANG_WARN_SUSPICIOUS_MOVE = YES;
				CLANG_WARN_UNGUARDED_AVAILABILITY = YES_AGGRESSIVE;
				CLANG_WARN_UNREACHABLE_CODE = YES;
				CLANG_WARN__DUPLICATE_METHOD_MATCH = YES;
				COPY_PHASE_STRIP = NO;
				DEBUG_INFORMATION_FORMAT = dwarf;
				ENABLE_STRICT_OBJC_MSGSEND = YES;
				ENABLE_TESTABILITY = YES;
				GCC_C_LANGUAGE_STANDARD = gnu11;
				GCC_DYNAMIC_NO_PIC = NO;
				GCC_NO_COMMON_BLOCKS = YES;
				GCC_OPTIMIZATION_LEVEL = 0;
				GCC_PREPROCESSOR_DEFINITIONS = (
					"DEBUG=1",
					"$(inherited)",
				);
				GCC_WARN_64_TO_32_BIT_CONVERSION = YES;
				GCC_WARN_ABOUT_RETURN_TYPE = YES_ERROR;
				GCC_WARN_UNDECLARED_SELECTOR = YES;
				GCC_WARN_UNINITIALIZED_AUTOS = YES_AGGRESSIVE;
				GCC_WARN_UNUSED_FUNCTION = YES;
				GCC_WARN_UNUSED_VARIABLE = YES;
				IPHONEOS_DEPLOYMENT_TARGET = 14.4;
				MTL_ENABLE_DEBUG_INFO = INCLUDE_SOURCE;
				MTL_FAST_MATH = YES;
				ONLY_ACTIVE_ARCH = YES;
				SDKROOT = iphoneos;
				SWIFT_ACTIVE_COMPILATION_CONDITIONS = DEBUG;
				SWIFT_OPTIMIZATION_LEVEL = "-Onone";
			};
			name = Debug;
		};
		CA0884982604535F002DABDA /* Release */ = {
			isa = XCBuildConfiguration;
			buildSettings = {
				ALWAYS_SEARCH_USER_PATHS = NO;
				CLANG_ANALYZER_NONNULL = YES;
				CLANG_ANALYZER_NUMBER_OBJECT_CONVERSION = YES_AGGRESSIVE;
				CLANG_CXX_LANGUAGE_STANDARD = "gnu++14";
				CLANG_CXX_LIBRARY = "libc++";
				CLANG_ENABLE_MODULES = YES;
				CLANG_ENABLE_OBJC_ARC = YES;
				CLANG_ENABLE_OBJC_WEAK = YES;
				CLANG_WARN_BLOCK_CAPTURE_AUTORELEASING = YES;
				CLANG_WARN_BOOL_CONVERSION = YES;
				CLANG_WARN_COMMA = YES;
				CLANG_WARN_CONSTANT_CONVERSION = YES;
				CLANG_WARN_DEPRECATED_OBJC_IMPLEMENTATIONS = YES;
				CLANG_WARN_DIRECT_OBJC_ISA_USAGE = YES_ERROR;
				CLANG_WARN_DOCUMENTATION_COMMENTS = YES;
				CLANG_WARN_EMPTY_BODY = YES;
				CLANG_WARN_ENUM_CONVERSION = YES;
				CLANG_WARN_INFINITE_RECURSION = YES;
				CLANG_WARN_INT_CONVERSION = YES;
				CLANG_WARN_NON_LITERAL_NULL_CONVERSION = YES;
				CLANG_WARN_OBJC_IMPLICIT_RETAIN_SELF = YES;
				CLANG_WARN_OBJC_LITERAL_CONVERSION = YES;
				CLANG_WARN_OBJC_ROOT_CLASS = YES_ERROR;
				CLANG_WARN_QUOTED_INCLUDE_IN_FRAMEWORK_HEADER = YES;
				CLANG_WARN_RANGE_LOOP_ANALYSIS = YES;
				CLANG_WARN_STRICT_PROTOTYPES = YES;
				CLANG_WARN_SUSPICIOUS_MOVE = YES;
				CLANG_WARN_UNGUARDED_AVAILABILITY = YES_AGGRESSIVE;
				CLANG_WARN_UNREACHABLE_CODE = YES;
				CLANG_WARN__DUPLICATE_METHOD_MATCH = YES;
				COPY_PHASE_STRIP = NO;
				DEBUG_INFORMATION_FORMAT = "dwarf-with-dsym";
				ENABLE_NS_ASSERTIONS = NO;
				ENABLE_STRICT_OBJC_MSGSEND = YES;
				GCC_C_LANGUAGE_STANDARD = gnu11;
				GCC_NO_COMMON_BLOCKS = YES;
				GCC_WARN_64_TO_32_BIT_CONVERSION = YES;
				GCC_WARN_ABOUT_RETURN_TYPE = YES_ERROR;
				GCC_WARN_UNDECLARED_SELECTOR = YES;
				GCC_WARN_UNINITIALIZED_AUTOS = YES_AGGRESSIVE;
				GCC_WARN_UNUSED_FUNCTION = YES;
				GCC_WARN_UNUSED_VARIABLE = YES;
				IPHONEOS_DEPLOYMENT_TARGET = 14.4;
				MTL_ENABLE_DEBUG_INFO = NO;
				MTL_FAST_MATH = YES;
				SDKROOT = iphoneos;
				SWIFT_COMPILATION_MODE = wholemodule;
				SWIFT_OPTIMIZATION_LEVEL = "-O";
				VALIDATE_PRODUCT = YES;
			};
			name = Release;
		};
		CA08849A2604535F002DABDA /* Debug */ = {
			isa = XCBuildConfiguration;
			buildSettings = {
				ASSETCATALOG_COMPILER_APPICON_NAME = AppIcon;
				ASSETCATALOG_COMPILER_GLOBAL_ACCENT_COLOR_NAME = AccentColor;
				CODE_SIGN_STYLE = Automatic;
				DEVELOPMENT_ASSET_PATHS = "\"CountriesX/Preview Content\"";
				DEVELOPMENT_TEAM = FVH6V77N95;
				ENABLE_PREVIEWS = YES;
				INFOPLIST_FILE = CountriesX/Info.plist;
				IPHONEOS_DEPLOYMENT_TARGET = 14.0;
				LD_RUNPATH_SEARCH_PATHS = (
					"$(inherited)",
					"@executable_path/Frameworks",
				);
				PRODUCT_BUNDLE_IDENTIFIER = com.mealpy.ces.CountriesX;
				PRODUCT_NAME = "$(TARGET_NAME)";
				SWIFT_VERSION = 5.0;
				TARGETED_DEVICE_FAMILY = "1,2";
			};
			name = Debug;
		};
		CA08849B2604535F002DABDA /* Release */ = {
			isa = XCBuildConfiguration;
			buildSettings = {
				ASSETCATALOG_COMPILER_APPICON_NAME = AppIcon;
				ASSETCATALOG_COMPILER_GLOBAL_ACCENT_COLOR_NAME = AccentColor;
				CODE_SIGN_STYLE = Automatic;
				DEVELOPMENT_ASSET_PATHS = "\"CountriesX/Preview Content\"";
				DEVELOPMENT_TEAM = FVH6V77N95;
				ENABLE_PREVIEWS = YES;
				INFOPLIST_FILE = CountriesX/Info.plist;
				IPHONEOS_DEPLOYMENT_TARGET = 14.0;
				LD_RUNPATH_SEARCH_PATHS = (
					"$(inherited)",
					"@executable_path/Frameworks",
				);
				PRODUCT_BUNDLE_IDENTIFIER = com.mealpy.ces.CountriesX;
				PRODUCT_NAME = "$(TARGET_NAME)";
				SWIFT_VERSION = 5.0;
				TARGETED_DEVICE_FAMILY = "1,2";
			};
			name = Release;
		};
		CA08849D2604535F002DABDA /* Debug */ = {
			isa = XCBuildConfiguration;
			buildSettings = {
				ALWAYS_EMBED_SWIFT_STANDARD_LIBRARIES = YES;
				BUNDLE_LOADER = "$(TEST_HOST)";
				CODE_SIGN_STYLE = Automatic;
				DEVELOPMENT_TEAM = FVH6V77N95;
				INFOPLIST_FILE = CountriesXTests/Info.plist;
				IPHONEOS_DEPLOYMENT_TARGET = 14.0;
				LD_RUNPATH_SEARCH_PATHS = (
					"$(inherited)",
					"@executable_path/Frameworks",
					"@loader_path/Frameworks",
				);
				PRODUCT_BUNDLE_IDENTIFIER = com.mealpy.ces.CountriesXTests;
				PRODUCT_NAME = "$(TARGET_NAME)";
				SWIFT_VERSION = 5.0;
				TARGETED_DEVICE_FAMILY = "1,2";
				TEST_HOST = "$(BUILT_PRODUCTS_DIR)/CountriesX.app/CountriesX";
			};
			name = Debug;
		};
		CA08849E2604535F002DABDA /* Release */ = {
			isa = XCBuildConfiguration;
			buildSettings = {
				ALWAYS_EMBED_SWIFT_STANDARD_LIBRARIES = YES;
				BUNDLE_LOADER = "$(TEST_HOST)";
				CODE_SIGN_STYLE = Automatic;
				DEVELOPMENT_TEAM = FVH6V77N95;
				INFOPLIST_FILE = CountriesXTests/Info.plist;
				IPHONEOS_DEPLOYMENT_TARGET = 14.0;
				LD_RUNPATH_SEARCH_PATHS = (
					"$(inherited)",
					"@executable_path/Frameworks",
					"@loader_path/Frameworks",
				);
				PRODUCT_BUNDLE_IDENTIFIER = com.mealpy.ces.CountriesXTests;
				PRODUCT_NAME = "$(TARGET_NAME)";
				SWIFT_VERSION = 5.0;
				TARGETED_DEVICE_FAMILY = "1,2";
				TEST_HOST = "$(BUILT_PRODUCTS_DIR)/CountriesX.app/CountriesX";
			};
			name = Release;
		};
		CA0884A02604535F002DABDA /* Debug */ = {
			isa = XCBuildConfiguration;
			buildSettings = {
				ALWAYS_EMBED_SWIFT_STANDARD_LIBRARIES = YES;
				CODE_SIGN_STYLE = Automatic;
				DEVELOPMENT_TEAM = FVH6V77N95;
				INFOPLIST_FILE = CountriesXUITests/Info.plist;
				LD_RUNPATH_SEARCH_PATHS = (
					"$(inherited)",
					"@executable_path/Frameworks",
					"@loader_path/Frameworks",
				);
				PRODUCT_BUNDLE_IDENTIFIER = com.mealpy.ces.CountriesXUITests;
				PRODUCT_NAME = "$(TARGET_NAME)";
				SWIFT_VERSION = 5.0;
				TARGETED_DEVICE_FAMILY = "1,2";
				TEST_TARGET_NAME = CountriesX;
			};
			name = Debug;
		};
		CA0884A12604535F002DABDA /* Release */ = {
			isa = XCBuildConfiguration;
			buildSettings = {
				ALWAYS_EMBED_SWIFT_STANDARD_LIBRARIES = YES;
				CODE_SIGN_STYLE = Automatic;
				DEVELOPMENT_TEAM = FVH6V77N95;
				INFOPLIST_FILE = CountriesXUITests/Info.plist;
				LD_RUNPATH_SEARCH_PATHS = (
					"$(inherited)",
					"@executable_path/Frameworks",
					"@loader_path/Frameworks",
				);
				PRODUCT_BUNDLE_IDENTIFIER = com.mealpy.ces.CountriesXUITests;
				PRODUCT_NAME = "$(TARGET_NAME)";
				SWIFT_VERSION = 5.0;
				TARGETED_DEVICE_FAMILY = "1,2";
				TEST_TARGET_NAME = CountriesX;
			};
			name = Release;
		};
/* End XCBuildConfiguration section */

/* Begin XCConfigurationList section */
		CA08846F2604535D002DABDA /* Build configuration list for PBXProject "CountriesX" */ = {
			isa = XCConfigurationList;
			buildConfigurations = (
				CA0884972604535F002DABDA /* Debug */,
				CA0884982604535F002DABDA /* Release */,
			);
			defaultConfigurationIsVisible = 0;
			defaultConfigurationName = Release;
		};
		CA0884992604535F002DABDA /* Build configuration list for PBXNativeTarget "CountriesX" */ = {
			isa = XCConfigurationList;
			buildConfigurations = (
				CA08849A2604535F002DABDA /* Debug */,
				CA08849B2604535F002DABDA /* Release */,
			);
			defaultConfigurationIsVisible = 0;
			defaultConfigurationName = Release;
		};
		CA08849C2604535F002DABDA /* Build configuration list for PBXNativeTarget "CountriesXTests" */ = {
			isa = XCConfigurationList;
			buildConfigurations = (
				CA08849D2604535F002DABDA /* Debug */,
				CA08849E2604535F002DABDA /* Release */,
			);
			defaultConfigurationIsVisible = 0;
			defaultConfigurationName = Release;
		};
		CA08849F2604535F002DABDA /* Build configuration list for PBXNativeTarget "CountriesXUITests" */ = {
			isa = XCConfigurationList;
			buildConfigurations = (
				CA0884A02604535F002DABDA /* Debug */,
				CA0884A12604535F002DABDA /* Release */,
			);
			defaultConfigurationIsVisible = 0;
			defaultConfigurationName = Release;
		};
/* End XCConfigurationList section */

/* Begin XCVersionGroup section */
		CAA7AAED2607CD2300E0BFF6 /* db_model_v1.xcdatamodeld */ = {
			isa = XCVersionGroup;
			children = (
				CAA7AAEE2607CD2300E0BFF6 /* db_model_v1.xcdatamodel */,
			);
			currentVersion = CAA7AAEE2607CD2300E0BFF6 /* db_model_v1.xcdatamodel */;
			path = db_model_v1.xcdatamodeld;
			sourceTree = "<group>";
			versionGroupType = wrapper.xcdatamodel;
		};
/* End XCVersionGroup section */
	};
	rootObject = CA08846C2604535D002DABDA /* Project object */;
}
